
Microsoft Visual Studio Solution File, Format Version 12.00
# Visual Studio Version 17
VisualStudioVersion = 17.0.31903.59
MinimumVisualStudioVersion = 10.0.40219.1
Project("{FAE04EC0-301F-11D3-BF4B-00C04F79EFBC}") = "Dominio", "Dominio\Dominio.csproj", "{B94077EB-BD39-4192-A97E-915F263D6435}"
EndProject
Project("{FAE04EC0-301F-11D3-BF4B-00C04F79EFBC}") = "Persistencia", "Persistencia\Persistencia.csproj", "{794BB6BC-6D7D-4DB6-9A2D-E21891E3D151}"
EndProject
Project("{FAE04EC0-301F-11D3-BF4B-00C04F79EFBC}") = "API", "API\API.csproj", "{4F7564D7-58A7-48E4-BE49-09FBC9E61B5A}"
EndProject
Project("{FAE04EC0-301F-11D3-BF4B-00C04F79EFBC}") = "Aplicacion", "Aplicacion\Aplicacion.csproj", "{71277805-68ED-4F22-A930-05996A93DBD5}"
EndProject
Project("{FAE04EC0-301F-11D3-BF4B-00C04F79EFBC}") = "Seguriad", "Seguriad\Seguriad.csproj", "{59D866EA-C55B-48A8-A58F-5C2CA2C6E5C8}"
EndProject
Global
	GlobalSection(SolutionConfigurationPlatforms) = preSolution
		Debug|Any CPU = Debug|Any CPU
		Release|Any CPU = Release|Any CPU
	EndGlobalSection
	GlobalSection(SolutionProperties) = preSolution
		HideSolutionNode = FALSE
	EndGlobalSection
	GlobalSection(ProjectConfigurationPlatforms) = postSolution
		{B94077EB-BD39-4192-A97E-915F263D6435}.Debug|Any CPU.ActiveCfg = Debug|Any CPU
		{B94077EB-BD39-4192-A97E-915F263D6435}.Debug|Any CPU.Build.0 = Debug|Any CPU
		{B94077EB-BD39-4192-A97E-915F263D6435}.Release|Any CPU.ActiveCfg = Release|Any CPU
		{B94077EB-BD39-4192-A97E-915F263D6435}.Release|Any CPU.Build.0 = Release|Any CPU
		{794BB6BC-6D7D-4DB6-9A2D-E21891E3D151}.Debug|Any CPU.ActiveCfg = Debug|Any CPU
		{794BB6BC-6D7D-4DB6-9A2D-E21891E3D151}.Debug|Any CPU.Build.0 = Debug|Any CPU
		{794BB6BC-6D7D-4DB6-9A2D-E21891E3D151}.Release|Any CPU.ActiveCfg = Release|Any CPU
		{794BB6BC-6D7D-4DB6-9A2D-E21891E3D151}.Release|Any CPU.Build.0 = Release|Any CPU
		{4F7564D7-58A7-48E4-BE49-09FBC9E61B5A}.Debug|Any CPU.ActiveCfg = Debug|Any CPU
		{4F7564D7-58A7-48E4-BE49-09FBC9E61B5A}.Debug|Any CPU.Build.0 = Debug|Any CPU
		{4F7564D7-58A7-48E4-BE49-09FBC9E61B5A}.Release|Any CPU.ActiveCfg = Release|Any CPU
		{4F7564D7-58A7-48E4-BE49-09FBC9E61B5A}.Release|Any CPU.Build.0 = Release|Any CPU
		{71277805-68ED-4F22-A930-05996A93DBD5}.Debug|Any CPU.ActiveCfg = Debug|Any CPU
		{71277805-68ED-4F22-A930-05996A93DBD5}.Debug|Any CPU.Build.0 = Debug|Any CPU
		{71277805-68ED-4F22-A930-05996A93DBD5}.Release|Any CPU.ActiveCfg = Release|Any CPU
		{71277805-68ED-4F22-A930-05996A93DBD5}.Release|Any CPU.Build.0 = Release|Any CPU
		{59D866EA-C55B-48A8-A58F-5C2CA2C6E5C8}.Debug|Any CPU.ActiveCfg = Debug|Any CPU
		{59D866EA-C55B-48A8-A58F-5C2CA2C6E5C8}.Debug|Any CPU.Build.0 = Debug|Any CPU
		{59D866EA-C55B-48A8-A58F-5C2CA2C6E5C8}.Release|Any CPU.ActiveCfg = Release|Any CPU
		{59D866EA-C55B-48A8-A58F-5C2CA2C6E5C8}.Release|Any CPU.Build.0 = Release|Any CPU
	EndGlobalSection
EndGlobal
